
Microsoft Visual Studio Solution File, Format Version 12.00
# Visual Studio Version 17
VisualStudioVersion = 17.11.35222.181
MinimumVisualStudioVersion = 10.0.40219.1
Project("{9A19103F-16F7-4668-BE54-9A1E7A4F7556}") = "SWP391-FinalProject", "SWP391-FinalProject\SWP391-FinalProject.csproj", "{7FA4DB06-1B64-49A1-B84A-E02916FF92F5}"
EndProject
Project("{FAE04EC0-301F-11D3-BF4B-00C04F79EFBC}") = "UnitTest", "UnitTest\UnitTest.csproj", "{B9AABF71-49B7-4988-9B9E-7EC018BE05EF}"
EndProject
Global
	GlobalSection(SolutionConfigurationPlatforms) = preSolution
		Debug|Any CPU = Debug|Any CPU
		Release|Any CPU = Release|Any CPU
	EndGlobalSection
	GlobalSection(ProjectConfigurationPlatforms) = postSolution
		{7FA4DB06-1B64-49A1-B84A-E02916FF92F5}.Debug|Any CPU.ActiveCfg = Debug|Any CPU
		{7FA4DB06-1B64-49A1-B84A-E02916FF92F5}.Debug|Any CPU.Build.0 = Debug|Any CPU
		{7FA4DB06-1B64-49A1-B84A-E02916FF92F5}.Release|Any CPU.ActiveCfg = Release|Any CPU
		{7FA4DB06-1B64-49A1-B84A-E02916FF92F5}.Release|Any CPU.Build.0 = Release|Any CPU
		{B9AABF71-49B7-4988-9B9E-7EC018BE05EF}.Debug|Any CPU.ActiveCfg = Debug|Any CPU
		{B9AABF71-49B7-4988-9B9E-7EC018BE05EF}.Debug|Any CPU.Build.0 = Debug|Any CPU
		{B9AABF71-49B7-4988-9B9E-7EC018BE05EF}.Release|Any CPU.ActiveCfg = Release|Any CPU
		{B9AABF71-49B7-4988-9B9E-7EC018BE05EF}.Release|Any CPU.Build.0 = Release|Any CPU
	EndGlobalSection
	GlobalSection(SolutionProperties) = preSolution
		HideSolutionNode = FALSE
	EndGlobalSection
	GlobalSection(ExtensibilityGlobals) = postSolution
		SolutionGuid = {FB9F5C2C-2BCF-47DA-96E3-6FD7624F4436}
	EndGlobalSection
EndGlobal
